// !$*UTF8*$!
{
	archiveVersion = 1;
	classes = {
	};
	objectVersion = 50;
	objects = {

/* Begin PBXBuildFile section */
		3F0BEA8E2101162F00C2ADA0 /* SoundManager.swift in Sources */ = {isa = PBXBuildFile; fileRef = 3F0BEA8D2101162F00C2ADA0 /* SoundManager.swift */; };
		3F0BEA912101168200C2ADA0 /* GameView.swift in Sources */ = {isa = PBXBuildFile; fileRef = 3F0BEA902101168200C2ADA0 /* GameView.swift */; };
		3F0BEA93210116A900C2ADA0 /* GameBoard.swift in Sources */ = {isa = PBXBuildFile; fileRef = 3F0BEA92210116A900C2ADA0 /* GameBoard.swift */; };
		3F0BEA95210116D700C2ADA0 /* GameScore.swift in Sources */ = {isa = PBXBuildFile; fileRef = 3F0BEA94210116D700C2ADA0 /* GameScore.swift */; };
		3F0BEA97210116FD00C2ADA0 /* NextBrick.swift in Sources */ = {isa = PBXBuildFile; fileRef = 3F0BEA96210116FD00C2ADA0 /* NextBrick.swift */; };
		3F64343C2101128B00CC247B /* GameTimer.swift in Sources */ = {isa = PBXBuildFile; fileRef = 3F64343B2101128B00CC247B /* GameTimer.swift */; };
		3FBF3F0A2100C878005EF2B9 /* AppDelegate.swift in Sources */ = {isa = PBXBuildFile; fileRef = 3FBF3F092100C878005EF2B9 /* AppDelegate.swift */; };
		3FBF3F0C2100C878005EF2B9 /* ViewController.swift in Sources */ = {isa = PBXBuildFile; fileRef = 3FBF3F0B2100C878005EF2B9 /* ViewController.swift */; };
		3FBF3F0F2100C878005EF2B9 /* Main.storyboard in Resources */ = {isa = PBXBuildFile; fileRef = 3FBF3F0D2100C878005EF2B9 /* Main.storyboard */; };
		3FBF3F112100C87A005EF2B9 /* Assets.xcassets in Resources */ = {isa = PBXBuildFile; fileRef = 3FBF3F102100C87A005EF2B9 /* Assets.xcassets */; };
		3FBF3F142100C87A005EF2B9 /* LaunchScreen.storyboard in Resources */ = {isa = PBXBuildFile; fileRef = 3FBF3F122100C87A005EF2B9 /* LaunchScreen.storyboard */; };
		3FBF3F1F21011017005EF2B9 /* gameover.mp3 in Resources */ = {isa = PBXBuildFile; fileRef = 3FBF3F1B21011016005EF2B9 /* gameover.mp3 */; };
		3FBF3F2021011017005EF2B9 /* fall.mp3 in Resources */ = {isa = PBXBuildFile; fileRef = 3FBF3F1C21011016005EF2B9 /* fall.mp3 */; };
		3FBF3F2121011017005EF2B9 /* tetris_original.mp3 in Resources */ = {isa = PBXBuildFile; fileRef = 3FBF3F1D21011017005EF2B9 /* tetris_original.mp3 */; };
		3FBF3F2221011017005EF2B9 /* harddrop.mp3 in Resources */ = {isa = PBXBuildFile; fileRef = 3FBF3F1E21011017005EF2B9 /* harddrop.mp3 */; };
		3FBF3F25210111F6005EF2B9 /* Brick.swift in Sources */ = {isa = PBXBuildFile; fileRef = 3FBF3F24210111F6005EF2B9 /* Brick.swift */; };
/* End PBXBuildFile section */

/* Begin PBXFileReference section */
		3F0BEA8D2101162F00C2ADA0 /* SoundManager.swift */ = {isa = PBXFileReference; lastKnownFileType = sourcecode.swift; path = SoundManager.swift; sourceTree = "<group>"; };
		3F0BEA902101168200C2ADA0 /* GameView.swift */ = {isa = PBXFileReference; lastKnownFileType = sourcecode.swift; path = GameView.swift; sourceTree = "<group>"; };
		3F0BEA92210116A900C2ADA0 /* GameBoard.swift */ = {isa = PBXFileReference; lastKnownFileType = sourcecode.swift; path = GameBoard.swift; sourceTree = "<group>"; };
		3F0BEA94210116D700C2ADA0 /* GameScore.swift */ = {isa = PBXFileReference; lastKnownFileType = sourcecode.swift; path = GameScore.swift; sourceTree = "<group>"; };
		3F0BEA96210116FD00C2ADA0 /* NextBrick.swift */ = {isa = PBXFileReference; lastKnownFileType = sourcecode.swift; path = NextBrick.swift; sourceTree = "<group>"; };
		3F64343B2101128B00CC247B /* GameTimer.swift */ = {isa = PBXFileReference; lastKnownFileType = sourcecode.swift; path = GameTimer.swift; sourceTree = "<group>"; };
		3FBF3F062100C878005EF2B9 /* Swiftris.app */ = {isa = PBXFileReference; explicitFileType = wrapper.application; includeInIndex = 0; path = Swiftris.app; sourceTree = BUILT_PRODUCTS_DIR; };
		3FBF3F092100C878005EF2B9 /* AppDelegate.swift */ = {isa = PBXFileReference; lastKnownFileType = sourcecode.swift; path = AppDelegate.swift; sourceTree = "<group>"; };
		3FBF3F0B2100C878005EF2B9 /* ViewController.swift */ = {isa = PBXFileReference; lastKnownFileType = sourcecode.swift; path = ViewController.swift; sourceTree = "<group>"; };
		3FBF3F0E2100C878005EF2B9 /* Base */ = {isa = PBXFileReference; lastKnownFileType = file.storyboard; name = Base; path = Base.lproj/Main.storyboard; sourceTree = "<group>"; };
		3FBF3F102100C87A005EF2B9 /* Assets.xcassets */ = {isa = PBXFileReference; lastKnownFileType = folder.assetcatalog; path = Assets.xcassets; sourceTree = "<group>"; };
		3FBF3F132100C87A005EF2B9 /* Base */ = {isa = PBXFileReference; lastKnownFileType = file.storyboard; name = Base; path = Base.lproj/LaunchScreen.storyboard; sourceTree = "<group>"; };
		3FBF3F152100C87A005EF2B9 /* Info.plist */ = {isa = PBXFileReference; lastKnownFileType = text.plist.xml; path = Info.plist; sourceTree = "<group>"; };
		3FBF3F1B21011016005EF2B9 /* gameover.mp3 */ = {isa = PBXFileReference; lastKnownFileType = audio.mp3; path = gameover.mp3; sourceTree = "<group>"; };
		3FBF3F1C21011016005EF2B9 /* fall.mp3 */ = {isa = PBXFileReference; lastKnownFileType = audio.mp3; path = fall.mp3; sourceTree = "<group>"; };
		3FBF3F1D21011017005EF2B9 /* tetris_original.mp3 */ = {isa = PBXFileReference; lastKnownFileType = audio.mp3; path = tetris_original.mp3; sourceTree = "<group>"; };
		3FBF3F1E21011017005EF2B9 /* harddrop.mp3 */ = {isa = PBXFileReference; lastKnownFileType = audio.mp3; path = harddrop.mp3; sourceTree = "<group>"; };
		3FBF3F24210111F6005EF2B9 /* Brick.swift */ = {isa = PBXFileReference; lastKnownFileType = sourcecode.swift; path = Brick.swift; sourceTree = "<group>"; };
/* End PBXFileReference section */

/* Begin PBXFrameworksBuildPhase section */
		3FBF3F032100C878005EF2B9 /* Frameworks */ = {
			isa = PBXFrameworksBuildPhase;
			buildActionMask = 2147483647;
			files = (
			);
			runOnlyForDeploymentPostprocessing = 0;
		};
/* End PBXFrameworksBuildPhase section */

/* Begin PBXGroup section */
		3F0BEA8C210115FF00C2ADA0 /* Model */ = {
			isa = PBXGroup;
			children = (
				3FBF3F24210111F6005EF2B9 /* Brick.swift */,
				3F64343B2101128B00CC247B /* GameTimer.swift */,
			);
			path = Model;
			sourceTree = "<group>";
		};
		3F0BEA8F2101164500C2ADA0 /* Sound */ = {
			isa = PBXGroup;
			children = (
				3F0BEA8D2101162F00C2ADA0 /* SoundManager.swift */,
			);
			path = Sound;
			sourceTree = "<group>";
		};
		3FBF3EFD2100C878005EF2B9 = {
			isa = PBXGroup;
			children = (
				3FBF3F082100C878005EF2B9 /* Swiftris */,
				3FBF3F072100C878005EF2B9 /* Products */,
			);
			sourceTree = "<group>";
		};
		3FBF3F072100C878005EF2B9 /* Products */ = {
			isa = PBXGroup;
			children = (
				3FBF3F062100C878005EF2B9 /* Swiftris.app */,
			);
			name = Products;
			sourceTree = "<group>";
		};
		3FBF3F082100C878005EF2B9 /* Swiftris */ = {
			isa = PBXGroup;
			children = (
				3F0BEA8F2101164500C2ADA0 /* Sound */,
				3FBF3F2321011078005EF2B9 /* Resources */,
				3F0BEA8C210115FF00C2ADA0 /* Model */,
				3FBF3F092100C878005EF2B9 /* AppDelegate.swift */,
				3F0BEA902101168200C2ADA0 /* GameView.swift */,
				3F0BEA92210116A900C2ADA0 /* GameBoard.swift */,
				3F0BEA94210116D700C2ADA0 /* GameScore.swift */,
				3F0BEA96210116FD00C2ADA0 /* NextBrick.swift */,
				3FBF3F0B2100C878005EF2B9 /* ViewController.swift */,
				3FBF3F0D2100C878005EF2B9 /* Main.storyboard */,
				3FBF3F102100C87A005EF2B9 /* Assets.xcassets */,
				3FBF3F122100C87A005EF2B9 /* LaunchScreen.storyboard */,
				3FBF3F152100C87A005EF2B9 /* Info.plist */,
			);
			path = Swiftris;
			sourceTree = "<group>";
		};
		3FBF3F2321011078005EF2B9 /* Resources */ = {
			isa = PBXGroup;
			children = (
				3FBF3F1C21011016005EF2B9 /* fall.mp3 */,
				3FBF3F1B21011016005EF2B9 /* gameover.mp3 */,
				3FBF3F1E21011017005EF2B9 /* harddrop.mp3 */,
				3FBF3F1D21011017005EF2B9 /* tetris_original.mp3 */,
			);
			path = Resources;
			sourceTree = "<group>";
		};
/* End PBXGroup section */

/* Begin PBXNativeTarget section */
		3FBF3F052100C878005EF2B9 /* Swiftris */ = {
			isa = PBXNativeTarget;
			buildConfigurationList = 3FBF3F182100C87A005EF2B9 /* Build configuration list for PBXNativeTarget "Swiftris" */;
			buildPhases = (
				3FBF3F022100C878005EF2B9 /* Sources */,
				3FBF3F032100C878005EF2B9 /* Frameworks */,
				3FBF3F042100C878005EF2B9 /* Resources */,
			);
			buildRules = (
			);
			dependencies = (
			);
			name = Swiftris;
			productName = Swiftris;
			productReference = 3FBF3F062100C878005EF2B9 /* Swiftris.app */;
			productType = "com.apple.product-type.application";
		};
/* End PBXNativeTarget section */

/* Begin PBXProject section */
		3FBF3EFE2100C878005EF2B9 /* Project object */ = {
			isa = PBXProject;
			attributes = {
				LastSwiftUpdateCheck = 0940;
				LastUpgradeCheck = 0940;
				ORGANIZATIONNAME = Rwilford;
				TargetAttributes = {
					3FBF3F052100C878005EF2B9 = {
						CreatedOnToolsVersion = 9.4.1;
					};
				};
			};
			buildConfigurationList = 3FBF3F012100C878005EF2B9 /* Build configuration list for PBXProject "Swiftris" */;
			compatibilityVersion = "Xcode 9.3";
			developmentRegion = en;
			hasScannedForEncodings = 0;
			knownRegions = (
				en,
				Base,
			);
			mainGroup = 3FBF3EFD2100C878005EF2B9;
			productRefGroup = 3FBF3F072100C878005EF2B9 /* Products */;
			projectDirPath = "";
			projectRoot = "";
			targets = (
				3FBF3F052100C878005EF2B9 /* Swiftris */,
			);
		};
/* End PBXProject section */

/* Begin PBXResourcesBuildPhase section */
		3FBF3F042100C878005EF2B9 /* Resources */ = {
			isa = PBXResourcesBuildPhase;
			buildActionMask = 2147483647;
			files = (
				3FBF3F1F21011017005EF2B9 /* gameover.mp3 in Resources */,
				3FBF3F2021011017005EF2B9 /* fall.mp3 in Resources */,
				3FBF3F2121011017005EF2B9 /* tetris_original.mp3 in Resources */,
				3FBF3F2221011017005EF2B9 /* harddrop.mp3 in Resources */,
				3FBF3F142100C87A005EF2B9 /* LaunchScreen.storyboard in Resources */,
				3FBF3F112100C87A005EF2B9 /* Assets.xcassets in Resources */,
				3FBF3F0F2100C878005EF2B9 /* Main.storyboard in Resources */,
			);
			runOnlyForDeploymentPostprocessing = 0;
		};
/* End PBXResourcesBuildPhase section */

/* Begin PBXSourcesBuildPhase section */
		3FBF3F022100C878005EF2B9 /* Sources */ = {
			isa = PBXSourcesBuildPhase;
			buildActionMask = 2147483647;
			files = (
				3F0BEA97210116FD00C2ADA0 /* NextBrick.swift in Sources */,
				3F0BEA95210116D700C2ADA0 /* GameScore.swift in Sources */,
				3FBF3F0C2100C878005EF2B9 /* ViewController.swift in Sources */,
				3F64343C2101128B00CC247B /* GameTimer.swift in Sources */,
				3FBF3F0A2100C878005EF2B9 /* AppDelegate.swift in Sources */,
				3F0BEA93210116A900C2ADA0 /* GameBoard.swift in Sources */,
				3FBF3F25210111F6005EF2B9 /* Brick.swift in Sources */,
				3F0BEA912101168200C2ADA0 /* GameView.swift in Sources */,
				3F0BEA8E2101162F00C2ADA0 /* SoundManager.swift in Sources */,
			);
			runOnlyForDeploymentPostprocessing = 0;
		};
/* End PBXSourcesBuildPhase section */

/* Begin PBXVariantGroup section */
		3FBF3F0D2100C878005EF2B9 /* Main.storyboard */ = {
			isa = PBXVariantGroup;
			children = (
				3FBF3F0E2100C878005EF2B9 /* Base */,
			);
			name = Main.storyboard;
			sourceTree = "<group>";
		};
		3FBF3F122100C87A005EF2B9 /* LaunchScreen.storyboard */ = {
			isa = PBXVariantGroup;
			children = (
				3FBF3F132100C87A005EF2B9 /* Base */,
			);
			name = LaunchScreen.storyboard;
			sourceTree = "<group>";
		};
/* End PBXVariantGroup section */

/* Begin XCBuildConfiguration section */
		3FBF3F162100C87A005EF2B9 /* Debug */ = {
			isa = XCBuildConfiguration;
			buildSettings = {
				ALWAYS_SEARCH_USER_PATHS = NO;
				CLANG_ANALYZER_NONNULL = YES;
				CLANG_ANALYZER_NUMBER_OBJECT_CONVERSION = YES_AGGRESSIVE;
				CLANG_CXX_LANGUAGE_STANDARD = "gnu++14";
				CLANG_CXX_LIBRARY = "libc++";
				CLANG_ENABLE_MODULES = YES;
				CLANG_ENABLE_OBJC_ARC = YES;
				CLANG_ENABLE_OBJC_WEAK = YES;
				CLANG_WARN_BLOCK_CAPTURE_AUTORELEASING = YES;
				CLANG_WARN_BOOL_CONVERSION = YES;
				CLANG_WARN_COMMA = YES;
				CLANG_WARN_CONSTANT_CONVERSION = YES;
				CLANG_WARN_DEPRECATED_OBJC_IMPLEMENTATIONS = YES;
				CLANG_WARN_DIRECT_OBJC_ISA_USAGE = YES_ERROR;
				CLANG_WARN_DOCUMENTATION_COMMENTS = YES;
				CLANG_WARN_EMPTY_BODY = YES;
				CLANG_WARN_ENUM_CONVERSION = YES;
				CLANG_WARN_INFINITE_RECURSION = YES;
				CLANG_WARN_INT_CONVERSION = YES;
				CLANG_WARN_NON_LITERAL_NULL_CONVERSION = YES;
				CLANG_WARN_OBJC_IMPLICIT_RETAIN_SELF = YES;
				CLANG_WARN_OBJC_LITERAL_CONVERSION = YES;
				CLANG_WARN_OBJC_ROOT_CLASS = YES_ERROR;
				CLANG_WARN_RANGE_LOOP_ANALYSIS = YES;
				CLANG_WARN_STRICT_PROTOTYPES = YES;
				CLANG_WARN_SUSPICIOUS_MOVE = YES;
				CLANG_WARN_UNGUARDED_AVAILABILITY = YES_AGGRESSIVE;
				CLANG_WARN_UNREACHABLE_CODE = YES;
				CLANG_WARN__DUPLICATE_METHOD_MATCH = YES;
				CODE_SIGN_IDENTITY = "iPhone Developer";
				COPY_PHASE_STRIP = NO;
				DEBUG_INFORMATION_FORMAT = dwarf;
				ENABLE_STRICT_OBJC_MSGSEND = YES;
				ENABLE_TESTABILITY = YES;
				GCC_C_LANGUAGE_STANDARD = gnu11;
				GCC_DYNAMIC_NO_PIC = NO;
				GCC_NO_COMMON_BLOCKS = YES;
				GCC_OPTIMIZATION_LEVEL = 0;
				GCC_PREPROCESSOR_DEFINITIONS = (
					"DEBUG=1",
					"$(inherited)",
				);
				GCC_WARN_64_TO_32_BIT_CONVERSION = YES;
				GCC_WARN_ABOUT_RETURN_TYPE = YES_ERROR;
				GCC_WARN_UNDECLARED_SELECTOR = YES;
				GCC_WARN_UNINITIALIZED_AUTOS = YES_AGGRESSIVE;
				GCC_WARN_UNUSED_FUNCTION = YES;
				GCC_WARN_UNUSED_VARIABLE = YES;
				IPHONEOS_DEPLOYMENT_TARGET = 11.4;
				MTL_ENABLE_DEBUG_INFO = YES;
				ONLY_ACTIVE_ARCH = YES;
				SDKROOT = iphoneos;
				SWIFT_ACTIVE_COMPILATION_CONDITIONS = DEBUG;
				SWIFT_OPTIMIZATION_LEVEL = "-Onone";
			};
			name = Debug;
		};
		3FBF3F172100C87A005EF2B9 /* Release */ = {
			isa = XCBuildConfiguration;
			buildSettings = {
				ALWAYS_SEARCH_USER_PATHS = NO;
				CLANG_ANALYZER_NONNULL = YES;
				CLANG_ANALYZER_NUMBER_OBJECT_CONVERSION = YES_AGGRESSIVE;
				CLANG_CXX_LANGUAGE_STANDARD = "gnu++14";
				CLANG_CXX_LIBRARY = "libc++";
				CLANG_ENABLE_MODULES = YES;
				CLANG_ENABLE_OBJC_ARC = YES;
				CLANG_ENABLE_OBJC_WEAK = YES;
				CLANG_WARN_BLOCK_CAPTURE_AUTORELEASING = YES;
				CLANG_WARN_BOOL_CONVERSION = YES;
				CLANG_WARN_COMMA = YES;
				CLANG_WARN_CONSTANT_CONVERSION = YES;
				CLANG_WARN_DEPRECATED_OBJC_IMPLEMENTATIONS = YES;
				CLANG_WARN_DIRECT_OBJC_ISA_USAGE = YES_ERROR;
				CLANG_WARN_DOCUMENTATION_COMMENTS = YES;
				CLANG_WARN_EMPTY_BODY = YES;
				CLANG_WARN_ENUM_CONVERSION = YES;
				CLANG_WARN_INFINITE_RECURSION = YES;
				CLANG_WARN_INT_CONVERSION = YES;
				CLANG_WARN_NON_LITERAL_NULL_CONVERSION = YES;
				CLANG_WARN_OBJC_IMPLICIT_RETAIN_SELF = YES;
				CLANG_WARN_OBJC_LITERAL_CONVERSION = YES;
				CLANG_WARN_OBJC_ROOT_CLASS = YES_ERROR;
				CLANG_WARN_RANGE_LOOP_ANALYSIS = YES;
				CLANG_WARN_STRICT_PROTOTYPES = YES;
				CLANG_WARN_SUSPICIOUS_MOVE = YES;
				CLANG_WARN_UNGUARDED_AVAILABILITY = YES_AGGRESSIVE;
				CLANG_WARN_UNREACHABLE_CODE = YES;
				CLANG_WARN__DUPLICATE_METHOD_MATCH = YES;
				CODE_SIGN_IDENTITY = "iPhone Developer";
				COPY_PHASE_STRIP = NO;
				DEBUG_INFORMATION_FORMAT = "dwarf-with-dsym";
				ENABLE_NS_ASSERTIONS = NO;
				ENABLE_STRICT_OBJC_MSGSEND = YES;
				GCC_C_LANGUAGE_STANDARD = gnu11;
				GCC_NO_COMMON_BLOCKS = YES;
				GCC_WARN_64_TO_32_BIT_CONVERSION = YES;
				GCC_WARN_ABOUT_RETURN_TYPE = YES_ERROR;
				GCC_WARN_UNDECLARED_SELECTOR = YES;
				GCC_WARN_UNINITIALIZED_AUTOS = YES_AGGRESSIVE;
				GCC_WARN_UNUSED_FUNCTION = YES;
				GCC_WARN_UNUSED_VARIABLE = YES;
				IPHONEOS_DEPLOYMENT_TARGET = 11.4;
				MTL_ENABLE_DEBUG_INFO = NO;
				SDKROOT = iphoneos;
				SWIFT_COMPILATION_MODE = wholemodule;
				SWIFT_OPTIMIZATION_LEVEL = "-O";
				VALIDATE_PRODUCT = YES;
			};
			name = Release;
		};
		3FBF3F192100C87A005EF2B9 /* Debug */ = {
			isa = XCBuildConfiguration;
			buildSettings = {
				ASSETCATALOG_COMPILER_APPICON_NAME = AppIcon;
				CODE_SIGN_STYLE = Automatic;
				INFOPLIST_FILE = Swiftris/Info.plist;
				LD_RUNPATH_SEARCH_PATHS = (
					"$(inherited)",
					"@executable_path/Frameworks",
				);
				PRODUCT_BUNDLE_IDENTIFIER = RW.Swiftris;
				PRODUCT_NAME = "$(TARGET_NAME)";
				SWIFT_VERSION = 4.0;
				TARGETED_DEVICE_FAMILY = "1,2";
			};
			name = Debug;
		};
		3FBF3F1A2100C87A005EF2B9 /* Release */ = {
			isa = XCBuildConfiguration;
			buildSettings = {
				ASSETCATALOG_COMPILER_APPICON_NAME = AppIcon;
				CODE_SIGN_STYLE = Automatic;
				INFOPLIST_FILE = Swiftris/Info.plist;
				LD_RUNPATH_SEARCH_PATHS = (
					"$(inherited)",
					"@executable_path/Frameworks",
				);
				PRODUCT_BUNDLE_IDENTIFIER = RW.Swiftris;
				PRODUCT_NAME = "$(TARGET_NAME)";
				SWIFT_VERSION = 4.0;
				TARGETED_DEVICE_FAMILY = "1,2";
			};
			name = Release;
		};
/* End XCBuildConfiguration section */

/* Begin XCConfigurationList section */
		3FBF3F012100C878005EF2B9 /* Build configuration list for PBXProject "Swiftris" */ = {
			isa = XCConfigurationList;
			buildConfigurations = (
				3FBF3F162100C87A005EF2B9 /* Debug */,
				3FBF3F172100C87A005EF2B9 /* Release */,
			);
			defaultConfigurationIsVisible = 0;
			defaultConfigurationName = Release;
		};
		3FBF3F182100C87A005EF2B9 /* Build configuration list for PBXNativeTarget "Swiftris" */ = {
			isa = XCConfigurationList;
			buildConfigurations = (
				3FBF3F192100C87A005EF2B9 /* Debug */,
				3FBF3F1A2100C87A005EF2B9 /* Release */,
			);
			defaultConfigurationIsVisible = 0;
			defaultConfigurationName = Release;
		};
/* End XCConfigurationList section */
	};
	rootObject = 3FBF3EFE2100C878005EF2B9 /* Project object */;
}
